// !$*UTF8*$!
{
	archiveVersion = 1;
	classes = {
	};
	objectVersion = 52;
	objects = {

/* Begin PBXBuildFile section */
		488B25DA26E8DAAC00B8130B /* Notification+.swift in Sources */ = {isa = PBXBuildFile; fileRef = 488B25D926E8DAAC00B8130B /* Notification+.swift */; };
		488B25DF26E8F4EB00B8130B /* RatingPanelVC.swift in Sources */ = {isa = PBXBuildFile; fileRef = 488B25DE26E8F4EB00B8130B /* RatingPanelVC.swift */; };
		4892129626E8975200A82340 /* PushNotification.swift in Sources */ = {isa = PBXBuildFile; fileRef = 4892129526E8975200A82340 /* PushNotification.swift */; };
		4894B04D26E7965F004BCDB6 /* AppDelegate.swift in Sources */ = {isa = PBXBuildFile; fileRef = 4894B04C26E7965F004BCDB6 /* AppDelegate.swift */; };
		4894B05126E79662004BCDB6 /* Assets.xcassets in Resources */ = {isa = PBXBuildFile; fileRef = 4894B05026E79662004BCDB6 /* Assets.xcassets */; };
		4894B05426E79662004BCDB6 /* Main.storyboard in Resources */ = {isa = PBXBuildFile; fileRef = 4894B05226E79662004BCDB6 /* Main.storyboard */; };
		4894B06026E79824004BCDB6 /* MusicScriptingBridge.swift in Sources */ = {isa = PBXBuildFile; fileRef = 4894B05F26E79824004BCDB6 /* MusicScriptingBridge.swift */; };
		4894B06226E79834004BCDB6 /* MusicScripting.swift in Sources */ = {isa = PBXBuildFile; fileRef = 4894B06126E79834004BCDB6 /* MusicScripting.swift */; };
		4894B06526E79922004BCDB6 /* MusicController.swift in Sources */ = {isa = PBXBuildFile; fileRef = 4894B06426E79922004BCDB6 /* MusicController.swift */; };
		48C944CA26E7AC7E004A01E0 /* KeyboardShortcuts in Frameworks */ = {isa = PBXBuildFile; productRef = 48C944C926E7AC7E004A01E0 /* KeyboardShortcuts */; };
		48C944D126E7B318004A01E0 /* KeyboardShortcuts+.swift in Sources */ = {isa = PBXBuildFile; fileRef = 48C944D026E7B318004A01E0 /* KeyboardShortcuts+.swift */; };
		48C944D326E7B45D004A01E0 /* ControlPanelVC.swift in Sources */ = {isa = PBXBuildFile; fileRef = 48C944D226E7B45D004A01E0 /* ControlPanelVC.swift */; };
		48C944D626E7BA0F004A01E0 /* Print+.swift in Sources */ = {isa = PBXBuildFile; fileRef = 48C944D526E7BA0F004A01E0 /* Print+.swift */; };
/* End PBXBuildFile section */

/* Begin PBXFileReference section */
		488B25D926E8DAAC00B8130B /* Notification+.swift */ = {isa = PBXFileReference; lastKnownFileType = sourcecode.swift; path = "Notification+.swift"; sourceTree = "<group>"; };
		488B25DC26E8EB2800B8130B /* TODO.md */ = {isa = PBXFileReference; lastKnownFileType = net.daringfireball.markdown; path = TODO.md; sourceTree = "<group>"; };
		488B25DE26E8F4EB00B8130B /* RatingPanelVC.swift */ = {isa = PBXFileReference; lastKnownFileType = sourcecode.swift; path = RatingPanelVC.swift; sourceTree = "<group>"; };
		4892129526E8975200A82340 /* PushNotification.swift */ = {isa = PBXFileReference; lastKnownFileType = sourcecode.swift; path = PushNotification.swift; sourceTree = "<group>"; };
		4894B04926E7965F004BCDB6 /* MusicFish.app */ = {isa = PBXFileReference; explicitFileType = wrapper.application; includeInIndex = 0; path = MusicFish.app; sourceTree = BUILT_PRODUCTS_DIR; };
		4894B04C26E7965F004BCDB6 /* AppDelegate.swift */ = {isa = PBXFileReference; lastKnownFileType = sourcecode.swift; path = AppDelegate.swift; sourceTree = "<group>"; };
		4894B05026E79662004BCDB6 /* Assets.xcassets */ = {isa = PBXFileReference; lastKnownFileType = folder.assetcatalog; path = Assets.xcassets; sourceTree = "<group>"; };
		4894B05326E79662004BCDB6 /* Base */ = {isa = PBXFileReference; lastKnownFileType = file.storyboard; name = Base; path = Base.lproj/Main.storyboard; sourceTree = "<group>"; };
		4894B05526E79662004BCDB6 /* Info.plist */ = {isa = PBXFileReference; lastKnownFileType = text.plist.xml; path = Info.plist; sourceTree = "<group>"; };
		4894B05626E79662004BCDB6 /* MusicFish.entitlements */ = {isa = PBXFileReference; lastKnownFileType = text.plist.entitlements; path = MusicFish.entitlements; sourceTree = "<group>"; };
		4894B05C26E79766004BCDB6 /* SwiftScriptingBridge.md */ = {isa = PBXFileReference; lastKnownFileType = net.daringfireball.markdown; path = SwiftScriptingBridge.md; sourceTree = "<group>"; };
		4894B05F26E79824004BCDB6 /* MusicScriptingBridge.swift */ = {isa = PBXFileReference; lastKnownFileType = sourcecode.swift; path = MusicScriptingBridge.swift; sourceTree = "<group>"; };
		4894B06126E79834004BCDB6 /* MusicScripting.swift */ = {isa = PBXFileReference; lastKnownFileType = sourcecode.swift; path = MusicScripting.swift; sourceTree = "<group>"; };
		4894B06426E79922004BCDB6 /* MusicController.swift */ = {isa = PBXFileReference; lastKnownFileType = sourcecode.swift; path = MusicController.swift; sourceTree = "<group>"; };
		48C944CB26E7ACE8004A01E0 /* README.md */ = {isa = PBXFileReference; lastKnownFileType = net.daringfireball.markdown; path = README.md; sourceTree = "<group>"; };
		48C944D026E7B318004A01E0 /* KeyboardShortcuts+.swift */ = {isa = PBXFileReference; lastKnownFileType = sourcecode.swift; path = "KeyboardShortcuts+.swift"; sourceTree = "<group>"; };
		48C944D226E7B45D004A01E0 /* ControlPanelVC.swift */ = {isa = PBXFileReference; lastKnownFileType = sourcecode.swift; path = ControlPanelVC.swift; sourceTree = "<group>"; };
		48C944D526E7BA0F004A01E0 /* Print+.swift */ = {isa = PBXFileReference; lastKnownFileType = sourcecode.swift; path = "Print+.swift"; sourceTree = "<group>"; };
/* End PBXFileReference section */

/* Begin PBXFrameworksBuildPhase section */
		4894B04626E7965F004BCDB6 /* Frameworks */ = {
			isa = PBXFrameworksBuildPhase;
			buildActionMask = 2147483647;
			files = (
				48C944CA26E7AC7E004A01E0 /* KeyboardShortcuts in Frameworks */,
			);
			runOnlyForDeploymentPostprocessing = 0;
		};
/* End PBXFrameworksBuildPhase section */

/* Begin PBXGroup section */
		488B25DB26E8DB2100B8130B /* Notification */ = {
			isa = PBXGroup;
			children = (
				4892129526E8975200A82340 /* PushNotification.swift */,
				488B25D926E8DAAC00B8130B /* Notification+.swift */,
			);
			path = Notification;
			sourceTree = "<group>";
		};
		488B25DD26E8F18A00B8130B /* macOS */ = {
			isa = PBXGroup;
			children = (
				4894B05526E79662004BCDB6 /* Info.plist */,
				4894B05626E79662004BCDB6 /* MusicFish.entitlements */,
			);
			path = macOS;
			sourceTree = "<group>";
		};
		4894B04026E7965F004BCDB6 = {
			isa = PBXGroup;
			children = (
				4894B04B26E7965F004BCDB6 /* MusicFish */,
				4894B05E26E7977A004BCDB6 /* docs */,
				48C944CB26E7ACE8004A01E0 /* README.md */,
				4894B04A26E7965F004BCDB6 /* Products */,
			);
			sourceTree = "<group>";
		};
		4894B04A26E7965F004BCDB6 /* Products */ = {
			isa = PBXGroup;
			children = (
				4894B04926E7965F004BCDB6 /* MusicFish.app */,
			);
			name = Products;
			sourceTree = "<group>";
		};
		4894B04B26E7965F004BCDB6 /* MusicFish */ = {
			isa = PBXGroup;
			children = (
				4894B06426E79922004BCDB6 /* MusicController.swift */,
				48C944D026E7B318004A01E0 /* KeyboardShortcuts+.swift */,
				48C944D426E7B46C004A01E0 /* APP */,
				488B25DB26E8DB2100B8130B /* Notification */,
				4894B06326E79853004BCDB6 /* ScriptingBridge */,
				48C944D726E7BA13004A01E0 /* Assistant */,
				4894B05026E79662004BCDB6 /* Assets.xcassets */,
				488B25DD26E8F18A00B8130B /* macOS */,
			);
			path = MusicFish;
			sourceTree = "<group>";
		};
		4894B05E26E7977A004BCDB6 /* docs */ = {
			isa = PBXGroup;
			children = (
				4894B05C26E79766004BCDB6 /* SwiftScriptingBridge.md */,
				488B25DC26E8EB2800B8130B /* TODO.md */,
			);
			path = docs;
			sourceTree = "<group>";
		};
		4894B06326E79853004BCDB6 /* ScriptingBridge */ = {
			isa = PBXGroup;
			children = (
				4894B05F26E79824004BCDB6 /* MusicScriptingBridge.swift */,
				4894B06126E79834004BCDB6 /* MusicScripting.swift */,
			);
			path = ScriptingBridge;
			sourceTree = "<group>";
		};
		48C944D426E7B46C004A01E0 /* APP */ = {
			isa = PBXGroup;
			children = (
				4894B04C26E7965F004BCDB6 /* AppDelegate.swift */,
				48C944D226E7B45D004A01E0 /* ControlPanelVC.swift */,
				488B25DE26E8F4EB00B8130B /* RatingPanelVC.swift */,
				4894B05226E79662004BCDB6 /* Main.storyboard */,
			);
			path = APP;
			sourceTree = "<group>";
		};
		48C944D726E7BA13004A01E0 /* Assistant */ = {
			isa = PBXGroup;
			children = (
				48C944D526E7BA0F004A01E0 /* Print+.swift */,
			);
			path = Assistant;
			sourceTree = "<group>";
		};
/* End PBXGroup section */

/* Begin PBXNativeTarget section */
		4894B04826E7965F004BCDB6 /* MusicFish */ = {
			isa = PBXNativeTarget;
			buildConfigurationList = 4894B05926E79662004BCDB6 /* Build configuration list for PBXNativeTarget "MusicFish" */;
			buildPhases = (
				4894B04526E7965F004BCDB6 /* Sources */,
				4894B04626E7965F004BCDB6 /* Frameworks */,
				4894B04726E7965F004BCDB6 /* Resources */,
			);
			buildRules = (
			);
			dependencies = (
			);
			name = MusicFish;
			packageProductDependencies = (
				48C944C926E7AC7E004A01E0 /* KeyboardShortcuts */,
			);
			productName = MusicFish;
			productReference = 4894B04926E7965F004BCDB6 /* MusicFish.app */;
			productType = "com.apple.product-type.application";
		};
/* End PBXNativeTarget section */

/* Begin PBXProject section */
		4894B04126E7965F004BCDB6 /* Project object */ = {
			isa = PBXProject;
			attributes = {
				LastSwiftUpdateCheck = 1250;
				LastUpgradeCheck = 1250;
				TargetAttributes = {
					4894B04826E7965F004BCDB6 = {
						CreatedOnToolsVersion = 12.5.1;
					};
				};
			};
			buildConfigurationList = 4894B04426E7965F004BCDB6 /* Build configuration list for PBXProject "MusicFish" */;
			compatibilityVersion = "Xcode 9.3";
			developmentRegion = en;
			hasScannedForEncodings = 0;
			knownRegions = (
				en,
				Base,
			);
			mainGroup = 4894B04026E7965F004BCDB6;
			packageReferences = (
				48C944C826E7AC7E004A01E0 /* XCRemoteSwiftPackageReference "KeyboardShortcuts" */,
			);
			productRefGroup = 4894B04A26E7965F004BCDB6 /* Products */;
			projectDirPath = "";
			projectRoot = "";
			targets = (
				4894B04826E7965F004BCDB6 /* MusicFish */,
			);
		};
/* End PBXProject section */

/* Begin PBXResourcesBuildPhase section */
		4894B04726E7965F004BCDB6 /* Resources */ = {
			isa = PBXResourcesBuildPhase;
			buildActionMask = 2147483647;
			files = (
				4894B05126E79662004BCDB6 /* Assets.xcassets in Resources */,
				4894B05426E79662004BCDB6 /* Main.storyboard in Resources */,
			);
			runOnlyForDeploymentPostprocessing = 0;
		};
/* End PBXResourcesBuildPhase section */

/* Begin PBXSourcesBuildPhase section */
		4894B04526E7965F004BCDB6 /* Sources */ = {
			isa = PBXSourcesBuildPhase;
			buildActionMask = 2147483647;
			files = (
				488B25DF26E8F4EB00B8130B /* RatingPanelVC.swift in Sources */,
				4894B06026E79824004BCDB6 /* MusicScriptingBridge.swift in Sources */,
				4894B06526E79922004BCDB6 /* MusicController.swift in Sources */,
				488B25DA26E8DAAC00B8130B /* Notification+.swift in Sources */,
				48C944D126E7B318004A01E0 /* KeyboardShortcuts+.swift in Sources */,
				4894B04D26E7965F004BCDB6 /* AppDelegate.swift in Sources */,
				4892129626E8975200A82340 /* PushNotification.swift in Sources */,
				48C944D626E7BA0F004A01E0 /* Print+.swift in Sources */,
				4894B06226E79834004BCDB6 /* MusicScripting.swift in Sources */,
				48C944D326E7B45D004A01E0 /* ControlPanelVC.swift in Sources */,
			);
			runOnlyForDeploymentPostprocessing = 0;
		};
/* End PBXSourcesBuildPhase section */

/* Begin PBXVariantGroup section */
		4894B05226E79662004BCDB6 /* Main.storyboard */ = {
			isa = PBXVariantGroup;
			children = (
				4894B05326E79662004BCDB6 /* Base */,
			);
			name = Main.storyboard;
			sourceTree = "<group>";
		};
/* End PBXVariantGroup section */

/* Begin XCBuildConfiguration section */
		4894B05726E79662004BCDB6 /* Debug */ = {
			isa = XCBuildConfiguration;
			buildSettings = {
				ALWAYS_SEARCH_USER_PATHS = NO;
				CLANG_ANALYZER_NONNULL = YES;
				CLANG_ANALYZER_NUMBER_OBJECT_CONVERSION = YES_AGGRESSIVE;
				CLANG_CXX_LANGUAGE_STANDARD = "gnu++14";
				CLANG_CXX_LIBRARY = "libc++";
				CLANG_ENABLE_MODULES = YES;
				CLANG_ENABLE_OBJC_ARC = YES;
				CLANG_ENABLE_OBJC_WEAK = YES;
				CLANG_WARN_BLOCK_CAPTURE_AUTORELEASING = YES;
				CLANG_WARN_BOOL_CONVERSION = YES;
				CLANG_WARN_COMMA = YES;
				CLANG_WARN_CONSTANT_CONVERSION = YES;
				CLANG_WARN_DEPRECATED_OBJC_IMPLEMENTATIONS = YES;
				CLANG_WARN_DIRECT_OBJC_ISA_USAGE = YES_ERROR;
				CLANG_WARN_DOCUMENTATION_COMMENTS = YES;
				CLANG_WARN_EMPTY_BODY = YES;
				CLANG_WARN_ENUM_CONVERSION = YES;
				CLANG_WARN_INFINITE_RECURSION = YES;
				CLANG_WARN_INT_CONVERSION = YES;
				CLANG_WARN_NON_LITERAL_NULL_CONVERSION = YES;
				CLANG_WARN_OBJC_IMPLICIT_RETAIN_SELF = YES;
				CLANG_WARN_OBJC_LITERAL_CONVERSION = YES;
				CLANG_WARN_OBJC_ROOT_CLASS = YES_ERROR;
				CLANG_WARN_QUOTED_INCLUDE_IN_FRAMEWORK_HEADER = YES;
				CLANG_WARN_RANGE_LOOP_ANALYSIS = YES;
				CLANG_WARN_STRICT_PROTOTYPES = YES;
				CLANG_WARN_SUSPICIOUS_MOVE = YES;
				CLANG_WARN_UNGUARDED_AVAILABILITY = YES_AGGRESSIVE;
				CLANG_WARN_UNREACHABLE_CODE = YES;
				CLANG_WARN__DUPLICATE_METHOD_MATCH = YES;
				COPY_PHASE_STRIP = NO;
				DEBUG_INFORMATION_FORMAT = dwarf;
				ENABLE_STRICT_OBJC_MSGSEND = YES;
				ENABLE_TESTABILITY = YES;
				GCC_C_LANGUAGE_STANDARD = gnu11;
				GCC_DYNAMIC_NO_PIC = NO;
				GCC_NO_COMMON_BLOCKS = YES;
				GCC_OPTIMIZATION_LEVEL = 0;
				GCC_PREPROCESSOR_DEFINITIONS = (
					"DEBUG=1",
					"$(inherited)",
				);
				GCC_WARN_64_TO_32_BIT_CONVERSION = YES;
				GCC_WARN_ABOUT_RETURN_TYPE = YES_ERROR;
				GCC_WARN_UNDECLARED_SELECTOR = YES;
				GCC_WARN_UNINITIALIZED_AUTOS = YES_AGGRESSIVE;
				GCC_WARN_UNUSED_FUNCTION = YES;
				GCC_WARN_UNUSED_VARIABLE = YES;
				MACOSX_DEPLOYMENT_TARGET = 11.3;
				MTL_ENABLE_DEBUG_INFO = INCLUDE_SOURCE;
				MTL_FAST_MATH = YES;
				ONLY_ACTIVE_ARCH = YES;
				SDKROOT = macosx;
				SWIFT_ACTIVE_COMPILATION_CONDITIONS = DEBUG;
				SWIFT_OPTIMIZATION_LEVEL = "-Onone";
			};
			name = Debug;
		};
		4894B05826E79662004BCDB6 /* Release */ = {
			isa = XCBuildConfiguration;
			buildSettings = {
				ALWAYS_SEARCH_USER_PATHS = NO;
				CLANG_ANALYZER_NONNULL = YES;
				CLANG_ANALYZER_NUMBER_OBJECT_CONVERSION = YES_AGGRESSIVE;
				CLANG_CXX_LANGUAGE_STANDARD = "gnu++14";
				CLANG_CXX_LIBRARY = "libc++";
				CLANG_ENABLE_MODULES = YES;
				CLANG_ENABLE_OBJC_ARC = YES;
				CLANG_ENABLE_OBJC_WEAK = YES;
				CLANG_WARN_BLOCK_CAPTURE_AUTORELEASING = YES;
				CLANG_WARN_BOOL_CONVERSION = YES;
				CLANG_WARN_COMMA = YES;
				CLANG_WARN_CONSTANT_CONVERSION = YES;
				CLANG_WARN_DEPRECATED_OBJC_IMPLEMENTATIONS = YES;
				CLANG_WARN_DIRECT_OBJC_ISA_USAGE = YES_ERROR;
				CLANG_WARN_DOCUMENTATION_COMMENTS = YES;
				CLANG_WARN_EMPTY_BODY = YES;
				CLANG_WARN_ENUM_CONVERSION = YES;
				CLANG_WARN_INFINITE_RECURSION = YES;
				CLANG_WARN_INT_CONVERSION = YES;
				CLANG_WARN_NON_LITERAL_NULL_CONVERSION = YES;
				CLANG_WARN_OBJC_IMPLICIT_RETAIN_SELF = YES;
				CLANG_WARN_OBJC_LITERAL_CONVERSION = YES;
				CLANG_WARN_OBJC_ROOT_CLASS = YES_ERROR;
				CLANG_WARN_QUOTED_INCLUDE_IN_FRAMEWORK_HEADER = YES;
				CLANG_WARN_RANGE_LOOP_ANALYSIS = YES;
				CLANG_WARN_STRICT_PROTOTYPES = YES;
				CLANG_WARN_SUSPICIOUS_MOVE = YES;
				CLANG_WARN_UNGUARDED_AVAILABILITY = YES_AGGRESSIVE;
				CLANG_WARN_UNREACHABLE_CODE = YES;
				CLANG_WARN__DUPLICATE_METHOD_MATCH = YES;
				COPY_PHASE_STRIP = NO;
				DEBUG_INFORMATION_FORMAT = "dwarf-with-dsym";
				ENABLE_NS_ASSERTIONS = NO;
				ENABLE_STRICT_OBJC_MSGSEND = YES;
				GCC_C_LANGUAGE_STANDARD = gnu11;
				GCC_NO_COMMON_BLOCKS = YES;
				GCC_WARN_64_TO_32_BIT_CONVERSION = YES;
				GCC_WARN_ABOUT_RETURN_TYPE = YES_ERROR;
				GCC_WARN_UNDECLARED_SELECTOR = YES;
				GCC_WARN_UNINITIALIZED_AUTOS = YES_AGGRESSIVE;
				GCC_WARN_UNUSED_FUNCTION = YES;
				GCC_WARN_UNUSED_VARIABLE = YES;
				MACOSX_DEPLOYMENT_TARGET = 11.3;
				MTL_ENABLE_DEBUG_INFO = NO;
				MTL_FAST_MATH = YES;
				SDKROOT = macosx;
				SWIFT_COMPILATION_MODE = wholemodule;
				SWIFT_OPTIMIZATION_LEVEL = "-O";
			};
			name = Release;
		};
		4894B05A26E79662004BCDB6 /* Debug */ = {
			isa = XCBuildConfiguration;
			buildSettings = {
				ASSETCATALOG_COMPILER_APPICON_NAME = AppIcon;
				ASSETCATALOG_COMPILER_GLOBAL_ACCENT_COLOR_NAME = AccentColor;
				CODE_SIGN_ENTITLEMENTS = MusicFish/macOS/MusicFish.entitlements;
				CODE_SIGN_STYLE = Automatic;
				COMBINE_HIDPI_IMAGES = YES;
				DEVELOPMENT_TEAM = C4W6UUH267;
				ENABLE_HARDENED_RUNTIME = YES;
				INFOPLIST_FILE = MusicFish/macOS/Info.plist;
				LD_RUNPATH_SEARCH_PATHS = (
					"$(inherited)",
					"@executable_path/../Frameworks",
				);
				PRODUCT_BUNDLE_IDENTIFIER = com.yangxijie.MusicFish;
				PRODUCT_NAME = "$(TARGET_NAME)";
				SWIFT_VERSION = 5.0;
			};
			name = Debug;
		};
		4894B05B26E79662004BCDB6 /* Release */ = {
			isa = XCBuildConfiguration;
			buildSettings = {
				ASSETCATALOG_COMPILER_APPICON_NAME = AppIcon;
				ASSETCATALOG_COMPILER_GLOBAL_ACCENT_COLOR_NAME = AccentColor;
				CODE_SIGN_ENTITLEMENTS = MusicFish/macOS/MusicFish.entitlements;
				CODE_SIGN_STYLE = Automatic;
				COMBINE_HIDPI_IMAGES = YES;
				DEVELOPMENT_TEAM = C4W6UUH267;
				ENABLE_HARDENED_RUNTIME = YES;
				INFOPLIST_FILE = MusicFish/macOS/Info.plist;
				LD_RUNPATH_SEARCH_PATHS = (
					"$(inherited)",
					"@executable_path/../Frameworks",
				);
				PRODUCT_BUNDLE_IDENTIFIER = com.yangxijie.MusicFish;
				PRODUCT_NAME = "$(TARGET_NAME)";
				SWIFT_VERSION = 5.0;
			};
			name = Release;
		};
/* End XCBuildConfiguration section */

/* Begin XCConfigurationList section */
		4894B04426E7965F004BCDB6 /* Build configuration list for PBXProject "MusicFish" */ = {
			isa = XCConfigurationList;
			buildConfigurations = (
				4894B05726E79662004BCDB6 /* Debug */,
				4894B05826E79662004BCDB6 /* Release */,
			);
			defaultConfigurationIsVisible = 0;
			defaultConfigurationName = Release;
		};
		4894B05926E79662004BCDB6 /* Build configuration list for PBXNativeTarget "MusicFish" */ = {
			isa = XCConfigurationList;
			buildConfigurations = (
				4894B05A26E79662004BCDB6 /* Debug */,
				4894B05B26E79662004BCDB6 /* Release */,
			);
			defaultConfigurationIsVisible = 0;
			defaultConfigurationName = Release;
		};
/* End XCConfigurationList section */

/* Begin XCRemoteSwiftPackageReference section */
		48C944C826E7AC7E004A01E0 /* XCRemoteSwiftPackageReference "KeyboardShortcuts" */ = {
			isa = XCRemoteSwiftPackageReference;
			repositoryURL = "https://github.com/sindresorhus/KeyboardShortcuts";
			requirement = {
				kind = upToNextMajorVersion;
				minimumVersion = 1.2.0;
			};
		};
/* End XCRemoteSwiftPackageReference section */

/* Begin XCSwiftPackageProductDependency section */
		48C944C926E7AC7E004A01E0 /* KeyboardShortcuts */ = {
			isa = XCSwiftPackageProductDependency;
			package = 48C944C826E7AC7E004A01E0 /* XCRemoteSwiftPackageReference "KeyboardShortcuts" */;
			productName = KeyboardShortcuts;
		};
/* End XCSwiftPackageProductDependency section */
	};
	rootObject = 4894B04126E7965F004BCDB6 /* Project object */;
}
